
Microsoft Visual Studio Solution File, Format Version 12.00
# Visual Studio Version 17
VisualStudioVersion = 17.4.33205.214
MinimumVisualStudioVersion = 10.0.40219.1
Project("{8BC9CEB8-8B4A-11D0-8D11-00A0C91BC942}") = "SDL_project_0", "SDL_project_0\SDL_project_0.vcxproj", "{61229863-0AAE-4E81-A58B-E468BB0E7247}"
EndProject
Project("{8BC9CEB8-8B4A-11D0-8D11-00A0C91BC942}") = "App", "App\App.vcxproj", "{868C1F87-CA7F-4D0D-B84D-C88389AC0366}"
	ProjectSection(ProjectDependencies) = postProject
		{61229863-0AAE-4E81-A58B-E468BB0E7247} = {61229863-0AAE-4E81-A58B-E468BB0E7247}
	EndProjectSection
EndProject
Global
	GlobalSection(SolutionConfigurationPlatforms) = preSolution
		Debug|x64 = Debug|x64
		Debug|x86 = Debug|x86
		Release|x64 = Release|x64
		Release|x86 = Release|x86
	EndGlobalSection
	GlobalSection(ProjectConfigurationPlatforms) = postSolution
		{61229863-0AAE-4E81-A58B-E468BB0E7247}.Debug|x64.ActiveCfg = Debug|x64
		{61229863-0AAE-4E81-A58B-E468BB0E7247}.Debug|x64.Build.0 = Debug|x64
		{61229863-0AAE-4E81-A58B-E468BB0E7247}.Debug|x86.ActiveCfg = Debug|Win32
		{61229863-0AAE-4E81-A58B-E468BB0E7247}.Debug|x86.Build.0 = Debug|Win32
		{61229863-0AAE-4E81-A58B-E468BB0E7247}.Release|x64.ActiveCfg = Release|x64
		{61229863-0AAE-4E81-A58B-E468BB0E7247}.Release|x64.Build.0 = Release|x64
		{61229863-0AAE-4E81-A58B-E468BB0E7247}.Release|x86.ActiveCfg = Release|Win32
		{61229863-0AAE-4E81-A58B-E468BB0E7247}.Release|x86.Build.0 = Release|Win32
		{868C1F87-CA7F-4D0D-B84D-C88389AC0366}.Debug|x64.ActiveCfg = Debug|x64
		{868C1F87-CA7F-4D0D-B84D-C88389AC0366}.Debug|x64.Build.0 = Debug|x64
		{868C1F87-CA7F-4D0D-B84D-C88389AC0366}.Debug|x86.ActiveCfg = Debug|Win32
		{868C1F87-CA7F-4D0D-B84D-C88389AC0366}.Debug|x86.Build.0 = Debug|Win32
		{868C1F87-CA7F-4D0D-B84D-C88389AC0366}.Release|x64.ActiveCfg = Release|x64
		{868C1F87-CA7F-4D0D-B84D-C88389AC0366}.Release|x64.Build.0 = Release|x64
		{868C1F87-CA7F-4D0D-B84D-C88389AC0366}.Release|x86.ActiveCfg = Release|Win32
		{868C1F87-CA7F-4D0D-B84D-C88389AC0366}.Release|x86.Build.0 = Release|Win32
	EndGlobalSection
	GlobalSection(SolutionProperties) = preSolution
		HideSolutionNode = FALSE
	EndGlobalSection
	GlobalSection(ExtensibilityGlobals) = postSolution
		SolutionGuid = {12B0C12C-E98D-40F2-99FB-3D185709DE77}
	EndGlobalSection
EndGlobal
