<?xml version="1.0" encoding="utf-8"?>
<Project ToolsVersion="4.0" xmlns="http://schemas.microsoft.com/developer/msbuild/2003">
  <ItemGroup>
    <Filter Include="Source Files">
      <UniqueIdentifier>{4FC737F1-C7A5-4376-A066-2A32D752A2FF}</UniqueIdentifier>
      <Extensions>cpp;c;cc;cxx;c++;cppm;ixx;def;odl;idl;hpj;bat;asm;asmx</Extensions>
    </Filter>
    <Filter Include="Header Files">
      <UniqueIdentifier>{93995380-89BD-4b04-88EB-625FBE52EBFB}</UniqueIdentifier>
      <Extensions>h;hh;hpp;hxx;h++;hm;inl;inc;ipp;xsd</Extensions>
    </Filter>
    <Filter Include="Resource Files">
      <UniqueIdentifier>{67DA6AB6-F800-4c08-8B7A-83BB121AAD01}</UniqueIdentifier>
      <Extensions>rc;ico;cur;bmp;dlg;rc2;rct;bin;rgs;gif;jpg;jpeg;jpe;resx;tiff;tif;png;wav;mfcribbon-ms</Extensions>
    </Filter>
  </ItemGroup>
  <ItemGroup>
    <ClCompile Include="headers\CollisionLayers.cpp">
      <Filter>Source Files</Filter>
    </ClCompile>
    <ClCompile Include="source\Assets\AssetManager.cpp">
      <Filter>Source Files</Filter>
    </ClCompile>
    <ClCompile Include="source\Components\Collider.cpp">
      <Filter>Source Files</Filter>
    </ClCompile>
    <ClCompile Include="source\Components\Component.cpp">
      <Filter>Source Files</Filter>
    </ClCompile>
    <ClCompile Include="source\Components\RenderableComponent.cpp">
      <Filter>Source Files</Filter>
    </ClCompile>
    <ClCompile Include="source\Components\SceneComponent.cpp">
      <Filter>Source Files</Filter>
    </ClCompile>
    <ClCompile Include="source\Components\Text.cpp">
      <Filter>Source Files</Filter>
    </ClCompile>
    <ClCompile Include="source\Core\Animation.cpp">
      <Filter>Source Files</Filter>
    </ClCompile>
    <ClCompile Include="source\Core\Core.cpp">
      <Filter>Source Files</Filter>
    </ClCompile>
    <ClCompile Include="source\Core\CoreFunctions.cpp">
      <Filter>Source Files</Filter>
    </ClCompile>
    <ClCompile Include="source\Core\CoreTypes.cpp">
      <Filter>Source Files</Filter>
    </ClCompile>
    <ClCompile Include="source\Core\InputManager.cpp">
      <Filter>Source Files</Filter>
    </ClCompile>
    <ClCompile Include="source\Core\ObjectManager.cpp">
      <Filter>Source Files</Filter>
    </ClCompile>
    <ClCompile Include="source\Core\ObjectSpawner.cpp">
      <Filter>Source Files</Filter>
    </ClCompile>
    <ClCompile Include="source\Core\PhysicsCore.cpp">
      <Filter>Source Files</Filter>
    </ClCompile>
    <ClCompile Include="source\Core\Renderable.cpp">
      <Filter>Source Files</Filter>
    </ClCompile>
    <ClCompile Include="source\Core\RendererCore.cpp">
      <Filter>Source Files</Filter>
    </ClCompile>
    <ClCompile Include="source\Core\TaskManager.cpp">
      <Filter>Source Files</Filter>
    </ClCompile>
    <ClCompile Include="source\Objects\Actor.cpp">
      <Filter>Source Files</Filter>
    </ClCompile>
    <ClCompile Include="source\Objects\AnimatedObject.cpp">
      <Filter>Source Files</Filter>
    </ClCompile>
    <ClCompile Include="source\Objects\BaseGUI.cpp">
      <Filter>Source Files</Filter>
    </ClCompile>
    <ClCompile Include="source\Objects\Controlable.cpp">
      <Filter>Source Files</Filter>
    </ClCompile>
    <ClCompile Include="source\Objects\FloatingTextUI.cpp">
      <Filter>Source Files</Filter>
    </ClCompile>
    <ClCompile Include="source\Objects\Object.cpp">
      <Filter>Source Files</Filter>
    </ClCompile>
    <ClCompile Include="source\Objects\RenderableObject.cpp">
      <Filter>Source Files</Filter>
    </ClCompile>
    <ClCompile Include="source\Objects\SceneObject.cpp">
      <Filter>Source Files</Filter>
    </ClCompile>
    <ClCompile Include="source\utils\Clock.cpp">
      <Filter>Source Files</Filter>
    </ClCompile>
    <ClCompile Include="source\utils\Color.cpp">
      <Filter>Source Files</Filter>
    </ClCompile>
    <ClCompile Include="source\utils\DebugDraw.cpp">
      <Filter>Source Files</Filter>
    </ClCompile>
    <ClCompile Include="source\utils\Random.cpp">
      <Filter>Source Files</Filter>
    </ClCompile>
    <ClCompile Include="source\utils\RendererUtils.cpp">
      <Filter>Source Files</Filter>
    </ClCompile>
    <ClCompile Include="source\utils\stdafx.cpp">
      <Filter>Source Files</Filter>
    </ClCompile>
    <ClCompile Include="source\utils\Transform.cpp">
      <Filter>Source Files</Filter>
    </ClCompile>
    <ClCompile Include="source\Components\CircleCollider.cpp">
      <Filter>Source Files</Filter>
    </ClCompile>
    <ClCompile Include="source\Components\BoxCollider.cpp">
      <Filter>Source Files</Filter>
    </ClCompile>
    <ClCompile Include="source\Components\Camera.cpp">
      <Filter>Source Files</Filter>
    </ClCompile>
    <ClCompile Include="source\Components\Damageable.cpp">
      <Filter>Source Files</Filter>
    </ClCompile>
  </ItemGroup>
  <ItemGroup>
    <Image Include="res\pngs\blueInfo.png">
      <Filter>Resource Files</Filter>
    </Image>
    <Image Include="res\pngs\greenArrow.png">
      <Filter>Resource Files</Filter>
    </Image>
    <Image Include="res\pngs\greenSquare.png">
      <Filter>Resource Files</Filter>
    </Image>
    <Image Include="res\pngs\orangeTriangle.png">
      <Filter>Resource Files</Filter>
    </Image>
    <Image Include="res\pngs\orangeWarrning.png">
      <Filter>Resource Files</Filter>
    </Image>
    <Image Include="res\pngs\pause.png">
      <Filter>Resource Files</Filter>
    </Image>
    <Image Include="res\pngs\play.png">
      <Filter>Resource Files</Filter>
    </Image>
    <Image Include="res\pngs\redArrow.png">
      <Filter>Resource Files</Filter>
    </Image>
    <Image Include="res\pngs\redDotCross.png">
      <Filter>Resource Files</Filter>
    </Image>
    <Image Include="res\pngs\redRhombus.png">
      <Filter>Resource Files</Filter>
    </Image>
  </ItemGroup>
  <ItemGroup>
    <ClInclude Include="headers\Actor.h">
      <Filter>Header Files</Filter>
    </ClInclude>
    <ClInclude Include="headers\AnchorEnum.h">
      <Filter>Header Files</Filter>
    </ClInclude>
    <ClInclude Include="headers\AnimatedObject.h">
      <Filter>Header Files</Filter>
    </ClInclude>
    <ClInclude Include="headers\Animation.h">
      <Filter>Header Files</Filter>
    </ClInclude>
    <ClInclude Include="headers\AssetManager.h">
      <Filter>Header Files</Filter>
    </ClInclude>
    <ClInclude Include="headers\BaseGUI.h">
      <Filter>Header Files</Filter>
    </ClInclude>
    <ClInclude Include="headers\Clock.h">
      <Filter>Header Files</Filter>
    </ClInclude>
    <ClInclude Include="headers\Collider.h">
      <Filter>Header Files</Filter>
    </ClInclude>
    <ClInclude Include="headers\CollisionData.h">
      <Filter>Header Files</Filter>
    </ClInclude>
    <ClInclude Include="headers\CollisionLayers.h">
      <Filter>Header Files</Filter>
    </ClInclude>
    <ClInclude Include="headers\Color.h">
      <Filter>Header Files</Filter>
    </ClInclude>
    <ClInclude Include="headers\Component.h">
      <Filter>Header Files</Filter>
    </ClInclude>
    <ClInclude Include="headers\Controlable.h">
      <Filter>Header Files</Filter>
    </ClInclude>
    <ClInclude Include="headers\Core.h">
      <Filter>Header Files</Filter>
    </ClInclude>
    <ClInclude Include="headers\CoreActionButtons.h">
      <Filter>Header Files</Filter>
    </ClInclude>
    <ClInclude Include="headers\CoreFonts.h">
      <Filter>Header Files</Filter>
    </ClInclude>
    <ClInclude Include="headers\CoreFunctions.h">
      <Filter>Header Files</Filter>
    </ClInclude>
    <ClInclude Include="headers\CoreTextures.h">
      <Filter>Header Files</Filter>
    </ClInclude>
    <ClInclude Include="headers\CoreTypes.h">
      <Filter>Header Files</Filter>
    </ClInclude>
    <ClInclude Include="headers\DebugDraw.h">
      <Filter>Header Files</Filter>
    </ClInclude>
    <ClInclude Include="headers\FloatingTextUI.h">
      <Filter>Header Files</Filter>
    </ClInclude>
    <ClInclude Include="headers\InputManager.h">
      <Filter>Header Files</Filter>
    </ClInclude>
    <ClInclude Include="headers\Object.h">
      <Filter>Header Files</Filter>
    </ClInclude>
    <ClInclude Include="headers\ObjectManager.h">
      <Filter>Header Files</Filter>
    </ClInclude>
    <ClInclude Include="headers\ObjectSpawner.h">
      <Filter>Header Files</Filter>
    </ClInclude>
    <ClInclude Include="headers\PhysicsCore.h">
      <Filter>Header Files</Filter>
    </ClInclude>
    <ClInclude Include="headers\Random.h">
      <Filter>Header Files</Filter>
    </ClInclude>
    <ClInclude Include="headers\Renderable.h">
      <Filter>Header Files</Filter>
    </ClInclude>
    <ClInclude Include="headers\RenderableComponent.h">
      <Filter>Header Files</Filter>
    </ClInclude>
    <ClInclude Include="headers\RenderableObject.h">
      <Filter>Header Files</Filter>
    </ClInclude>
    <ClInclude Include="headers\RendererCore.h">
      <Filter>Header Files</Filter>
    </ClInclude>
    <ClInclude Include="headers\RendererUtils.h">
      <Filter>Header Files</Filter>
    </ClInclude>
    <ClInclude Include="headers\SceneComponent.h">
      <Filter>Header Files</Filter>
    </ClInclude>
    <ClInclude Include="headers\SceneObject.h">
      <Filter>Header Files</Filter>
    </ClInclude>
    <ClInclude Include="headers\stdafx.h">
      <Filter>Header Files</Filter>
    </ClInclude>
    <ClInclude Include="headers\TaskManager.h">
      <Filter>Header Files</Filter>
    </ClInclude>
    <ClInclude Include="headers\Text.h">
      <Filter>Header Files</Filter>
    </ClInclude>
    <ClInclude Include="headers\Transform.h">
      <Filter>Header Files</Filter>
    </ClInclude>
    <ClInclude Include="headers\Vector2.h">
      <Filter>Header Files</Filter>
    </ClInclude>
    <ClInclude Include="headers\BoxCollider.h">
      <Filter>Header Files</Filter>
    </ClInclude>
    <ClInclude Include="headers\Camera.h">
      <Filter>Header Files</Filter>
    </ClInclude>
    <ClInclude Include="headers\CircleCollider.h">
      <Filter>Header Files</Filter>
    </ClInclude>
    <ClInclude Include="headers\Damageable.h">
      <Filter>Header Files</Filter>
    </ClInclude>
    <ClInclude Include="headers\Rect.h">
      <Filter>Header Files</Filter>
    </ClInclude>
  </ItemGroup>
  <ItemGroup>
    <None Include="SDL_project_0.aps" />
  </ItemGroup>
</Project>